
Microsoft Visual Studio Solution File, Format Version 12.00
# Visual Studio Version 17
VisualStudioVersion = 17.8.34511.84
MinimumVisualStudioVersion = 10.0.40219.1
Project("{9A19103F-16F7-4668-BE54-9A1E7A4F7556}") = "CaffeineOasis.API", "CaffeineOasis.API.csproj", "{46AA7EB9-E435-4203-BAC9-B7F79299356B}"
EndProject
Global
	GlobalSection(SolutionConfigurationPlatforms) = preSolution
		Debug|Any CPU = Debug|Any CPU
		Release|Any CPU = Release|Any CPU
	EndGlobalSection
	GlobalSection(ProjectConfigurationPlatforms) = postSolution
		{46AA7EB9-E435-4203-BAC9-B7F79299356B}.Debug|Any CPU.ActiveCfg = Debug|Any CPU
		{46AA7EB9-E435-4203-BAC9-B7F79299356B}.Debug|Any CPU.Build.0 = Debug|Any CPU
		{46AA7EB9-E435-4203-BAC9-B7F79299356B}.Release|Any CPU.ActiveCfg = Release|Any CPU
		{46AA7EB9-E435-4203-BAC9-B7F79299356B}.Release|Any CPU.Build.0 = Release|Any CPU
	EndGlobalSection
	GlobalSection(SolutionProperties) = preSolution
		HideSolutionNode = FALSE
	EndGlobalSection
	GlobalSection(ExtensibilityGlobals) = postSolution
		SolutionGuid = {D2D46D40-8B69-4631-B704-8BC4313FCC40}
	EndGlobalSection
EndGlobal
